github.com/Functional-Bus-Description-Language/go-fbdl v0.0.0-20240105202638-0d6371e25766 h1:8yVuFJrY/RppLbBB8m7m2RDeeTSOVbtrJOavd7RuWNI=
github.com/Functional-Bus-Description-Language/go-fbdl v0.0.0-20240105202638-0d6371e25766/go.mod h1:hWVC4vv/yxcEz2L6XYHk8Jj/17rZ7JRxQu2jps/PgA4=
golang.org/x/exp v0.0.0-20240103183307-be819d1f06fc h1:ao2WRsKSzW6KuUY9IWPwWahcHCgR0s52IfwutMfEbdM=
golang.org/x/exp v0.0.0-20240103183307-be819d1f06fc/go.mod h1:iRJReGqOEeBhDZGkGbynYwcHlctCvnjTYIamk7uXpHI=
