github.com/Functional-Bus-Description-Language/go-fbdl v0.0.0-20230825090529-ba5409c02642 h1:x8Ur61B3hJy/ranV2fH6C/zWBt9sTHLe0xrtr9hBmVU=
github.com/Functional-Bus-Description-Language/go-fbdl v0.0.0-20230825090529-ba5409c02642/go.mod h1:mkyfvTvezKbxXOW9sVCxlwEWApVqr+lbuVWHjIg+yXc=
golang.org/x/exp v0.0.0-20230817173708-d852ddb80c63 h1:m64FZMko/V45gv0bNmrNYoDEq8U5YUhetc9cBWKS1TQ=
golang.org/x/exp v0.0.0-20230817173708-d852ddb80c63/go.mod h1:0v4NqG35kSWCMzLaMeX+IQrlSnVE/bqGSyC2cz/9Le8=
